
Microsoft Visual Studio Solution File, Format Version 12.00
# Visual Studio Version 17
VisualStudioVersion = 17.3.32825.248
MinimumVisualStudioVersion = 10.0.40219.1
Project("{FAE04EC0-301F-11D3-BF4B-00C04F79EFBC}") = "estruturas-de-dados-csharp", "estruturas-de-dados-csharp\estruturas-de-dados-csharp.csproj", "{7377C4C3-5EE1-4710-8B47-FC61DF28CCDB}"
EndProject
Global
	GlobalSection(SolutionConfigurationPlatforms) = preSolution
		Debug|Any CPU = Debug|Any CPU
		Release|Any CPU = Release|Any CPU
	EndGlobalSection
	GlobalSection(ProjectConfigurationPlatforms) = postSolution
		{7377C4C3-5EE1-4710-8B47-FC61DF28CCDB}.Debug|Any CPU.ActiveCfg = Debug|Any CPU
		{7377C4C3-5EE1-4710-8B47-FC61DF28CCDB}.Debug|Any CPU.Build.0 = Debug|Any CPU
		{7377C4C3-5EE1-4710-8B47-FC61DF28CCDB}.Release|Any CPU.ActiveCfg = Release|Any CPU
		{7377C4C3-5EE1-4710-8B47-FC61DF28CCDB}.Release|Any CPU.Build.0 = Release|Any CPU
	EndGlobalSection
	GlobalSection(SolutionProperties) = preSolution
		HideSolutionNode = FALSE
	EndGlobalSection
	GlobalSection(ExtensibilityGlobals) = postSolution
		SolutionGuid = {FE3DE5AC-BBF6-4B40-9E39-4911AE8582E4}
	EndGlobalSection
EndGlobal
